DEPENDENCIES
  custom_grafana
    path: cookbooks/custom_grafana

GRAPH
  apt (4.0.1)
    compat_resource (>= 12.10)
  build-essential (6.0.3)
    compat_resource (>= 12.10)
    mingw (>= 1.1)
    seven_zip (>= 0.0.0)
  chef_handler (1.4.0)
  compat_resource (12.10.7)
  custom_grafana (0.1.0)
    grafana (~> 2.1.3)
  grafana (2.1.3)
    apt (>= 0.0.0)
    nginx (>= 0.0.0)
    yum (>= 0.0.0)
  mingw (1.2.4)
    compat_resource (>= 0.0.0)
    seven_zip (>= 0.0.0)
  nginx (1.8.0)
    apt (>= 0.0.0)
    build-essential (>= 0.0.0)
    ohai (>= 1.1.4)
    runit (>= 0.0.0)
    yum (>= 0.0.0)
  ohai (4.2.0)
    compat_resource (>= 12.10)
  packagecloud (0.2.4)
  runit (1.8.0)
    packagecloud (>= 0.0.0)
    yum-epel (>= 0.0.0)
  seven_zip (2.0.1)
    windows (>= 1.2.2)
  windows (1.44.1)
    chef_handler (>= 0.0.0)
  yum (3.11.0)
  yum-epel (0.7.0)
    yum (>= 3.6.3)
